
Microsoft Visual Studio Solution File, Format Version 12.00
# Visual Studio 14
VisualStudioVersion = 14.0.25420.1
MinimumVisualStudioVersion = 10.0.40219.1
Project("{FAE04EC0-301F-11D3-BF4B-00C04F79EFBC}") = "ProgramTrade", "ProgramTrade\ProgramTrade.csproj", "{C802910C-BC01-4DB0-A09A-0317103AA2DB}"
EndProject
Project("{8BC9CEB8-8B4A-11D0-8D11-00A0C91BC942}") = "CLRQdpApi", "CLRQdpApi\CLRQdpApi.vcxproj", "{991997C8-5F67-44E6-BAF4-A26F04B4FEBB}"
EndProject
Project("{FAE04EC0-301F-11D3-BF4B-00C04F79EFBC}") = "ProgramTradeApi", "ProgramTradeApi\ProgramTradeApi.csproj", "{8731C13D-E285-4553-BADB-FEAAB57ACC5D}"
EndProject
Project("{FAE04EC0-301F-11D3-BF4B-00C04F79EFBC}") = "SyslogServer", "Syslog\SyslogServer.csproj", "{0033A404-CE50-4975-8B12-B24DCFE5AF12}"
EndProject
Project("{8BC9CEB8-8B4A-11D0-8D11-00A0C91BC942}") = "CLRXspeedApi", "CLRXspeedApi\CLRXspeedApi.vcxproj", "{5C976ACD-6C5B-409E-A993-EDC7CF9DFDBC}"
EndProject
Project("{FAE04EC0-301F-11D3-BF4B-00C04F79EFBC}") = "DLL_Test", "DLL_Test\DLL_Test.csproj", "{C9E2AA6C-AC9E-4764-82DE-A97D4C48EC2A}"
EndProject
Project("{FAE04EC0-301F-11D3-BF4B-00C04F79EFBC}") = "TradingPolicy", "TradingPolicy\TradingPolicy.csproj", "{C6A602B1-23C6-42BB-96AF-B4E0A7ADDCC9}"
EndProject
Global
	GlobalSection(SolutionConfigurationPlatforms) = preSolution
		Debug|Any CPU = Debug|Any CPU
		Debug|x64 = Debug|x64
		Debug|x86 = Debug|x86
		Release|Any CPU = Release|Any CPU
		Release|x64 = Release|x64
		Release|x86 = Release|x86
	EndGlobalSection
	GlobalSection(ProjectConfigurationPlatforms) = postSolution
		{C802910C-BC01-4DB0-A09A-0317103AA2DB}.Debug|Any CPU.ActiveCfg = Debug|Any CPU
		{C802910C-BC01-4DB0-A09A-0317103AA2DB}.Debug|Any CPU.Build.0 = Debug|Any CPU
		{C802910C-BC01-4DB0-A09A-0317103AA2DB}.Debug|x64.ActiveCfg = Debug|Any CPU
		{C802910C-BC01-4DB0-A09A-0317103AA2DB}.Debug|x64.Build.0 = Debug|Any CPU
		{C802910C-BC01-4DB0-A09A-0317103AA2DB}.Debug|x86.ActiveCfg = Debug|Any CPU
		{C802910C-BC01-4DB0-A09A-0317103AA2DB}.Debug|x86.Build.0 = Debug|Any CPU
		{C802910C-BC01-4DB0-A09A-0317103AA2DB}.Release|Any CPU.ActiveCfg = Release|Any CPU
		{C802910C-BC01-4DB0-A09A-0317103AA2DB}.Release|Any CPU.Build.0 = Release|Any CPU
		{C802910C-BC01-4DB0-A09A-0317103AA2DB}.Release|x64.ActiveCfg = Release|Any CPU
		{C802910C-BC01-4DB0-A09A-0317103AA2DB}.Release|x64.Build.0 = Release|Any CPU
		{C802910C-BC01-4DB0-A09A-0317103AA2DB}.Release|x86.ActiveCfg = Release|Any CPU
		{C802910C-BC01-4DB0-A09A-0317103AA2DB}.Release|x86.Build.0 = Release|Any CPU
		{991997C8-5F67-44E6-BAF4-A26F04B4FEBB}.Debug|Any CPU.ActiveCfg = Debug|Win32
		{991997C8-5F67-44E6-BAF4-A26F04B4FEBB}.Debug|Any CPU.Build.0 = Debug|Win32
		{991997C8-5F67-44E6-BAF4-A26F04B4FEBB}.Debug|x64.ActiveCfg = Debug|x64
		{991997C8-5F67-44E6-BAF4-A26F04B4FEBB}.Debug|x64.Build.0 = Debug|x64
		{991997C8-5F67-44E6-BAF4-A26F04B4FEBB}.Debug|x86.ActiveCfg = Debug|Win32
		{991997C8-5F67-44E6-BAF4-A26F04B4FEBB}.Debug|x86.Build.0 = Debug|Win32
		{991997C8-5F67-44E6-BAF4-A26F04B4FEBB}.Release|Any CPU.ActiveCfg = Release|Win32
		{991997C8-5F67-44E6-BAF4-A26F04B4FEBB}.Release|Any CPU.Build.0 = Release|Win32
		{991997C8-5F67-44E6-BAF4-A26F04B4FEBB}.Release|x64.ActiveCfg = Release|x64
		{991997C8-5F67-44E6-BAF4-A26F04B4FEBB}.Release|x64.Build.0 = Release|x64
		{991997C8-5F67-44E6-BAF4-A26F04B4FEBB}.Release|x86.ActiveCfg = Release|Win32
		{991997C8-5F67-44E6-BAF4-A26F04B4FEBB}.Release|x86.Build.0 = Release|Win32
		{8731C13D-E285-4553-BADB-FEAAB57ACC5D}.Debug|Any CPU.ActiveCfg = Debug|Any CPU
		{8731C13D-E285-4553-BADB-FEAAB57ACC5D}.Debug|Any CPU.Build.0 = Debug|Any CPU
		{8731C13D-E285-4553-BADB-FEAAB57ACC5D}.Debug|x64.ActiveCfg = Debug|Any CPU
		{8731C13D-E285-4553-BADB-FEAAB57ACC5D}.Debug|x64.Build.0 = Debug|Any CPU
		{8731C13D-E285-4553-BADB-FEAAB57ACC5D}.Debug|x86.ActiveCfg = Debug|Any CPU
		{8731C13D-E285-4553-BADB-FEAAB57ACC5D}.Debug|x86.Build.0 = Debug|Any CPU
		{8731C13D-E285-4553-BADB-FEAAB57ACC5D}.Release|Any CPU.ActiveCfg = Release|Any CPU
		{8731C13D-E285-4553-BADB-FEAAB57ACC5D}.Release|Any CPU.Build.0 = Release|Any CPU
		{8731C13D-E285-4553-BADB-FEAAB57ACC5D}.Release|x64.ActiveCfg = Release|Any CPU
		{8731C13D-E285-4553-BADB-FEAAB57ACC5D}.Release|x64.Build.0 = Release|Any CPU
		{8731C13D-E285-4553-BADB-FEAAB57ACC5D}.Release|x86.ActiveCfg = Release|Any CPU
		{8731C13D-E285-4553-BADB-FEAAB57ACC5D}.Release|x86.Build.0 = Release|Any CPU
		{0033A404-CE50-4975-8B12-B24DCFE5AF12}.Debug|Any CPU.ActiveCfg = Debug|Any CPU
		{0033A404-CE50-4975-8B12-B24DCFE5AF12}.Debug|Any CPU.Build.0 = Debug|Any CPU
		{0033A404-CE50-4975-8B12-B24DCFE5AF12}.Debug|x64.ActiveCfg = Debug|Any CPU
		{0033A404-CE50-4975-8B12-B24DCFE5AF12}.Debug|x64.Build.0 = Debug|Any CPU
		{0033A404-CE50-4975-8B12-B24DCFE5AF12}.Debug|x86.ActiveCfg = Debug|Any CPU
		{0033A404-CE50-4975-8B12-B24DCFE5AF12}.Debug|x86.Build.0 = Debug|Any CPU
		{0033A404-CE50-4975-8B12-B24DCFE5AF12}.Release|Any CPU.ActiveCfg = Release|Any CPU
		{0033A404-CE50-4975-8B12-B24DCFE5AF12}.Release|Any CPU.Build.0 = Release|Any CPU
		{0033A404-CE50-4975-8B12-B24DCFE5AF12}.Release|x64.ActiveCfg = Release|Any CPU
		{0033A404-CE50-4975-8B12-B24DCFE5AF12}.Release|x64.Build.0 = Release|Any CPU
		{0033A404-CE50-4975-8B12-B24DCFE5AF12}.Release|x86.ActiveCfg = Release|Any CPU
		{0033A404-CE50-4975-8B12-B24DCFE5AF12}.Release|x86.Build.0 = Release|Any CPU
		{5C976ACD-6C5B-409E-A993-EDC7CF9DFDBC}.Debug|Any CPU.ActiveCfg = Debug|Win32
		{5C976ACD-6C5B-409E-A993-EDC7CF9DFDBC}.Debug|x64.ActiveCfg = Debug|x64
		{5C976ACD-6C5B-409E-A993-EDC7CF9DFDBC}.Debug|x64.Build.0 = Debug|x64
		{5C976ACD-6C5B-409E-A993-EDC7CF9DFDBC}.Debug|x86.ActiveCfg = Debug|Win32
		{5C976ACD-6C5B-409E-A993-EDC7CF9DFDBC}.Debug|x86.Build.0 = Debug|Win32
		{5C976ACD-6C5B-409E-A993-EDC7CF9DFDBC}.Release|Any CPU.ActiveCfg = Release|Win32
		{5C976ACD-6C5B-409E-A993-EDC7CF9DFDBC}.Release|x64.ActiveCfg = Release|x64
		{5C976ACD-6C5B-409E-A993-EDC7CF9DFDBC}.Release|x64.Build.0 = Release|x64
		{5C976ACD-6C5B-409E-A993-EDC7CF9DFDBC}.Release|x86.ActiveCfg = Release|Win32
		{5C976ACD-6C5B-409E-A993-EDC7CF9DFDBC}.Release|x86.Build.0 = Release|Win32
		{C9E2AA6C-AC9E-4764-82DE-A97D4C48EC2A}.Debug|Any CPU.ActiveCfg = Debug|Any CPU
		{C9E2AA6C-AC9E-4764-82DE-A97D4C48EC2A}.Debug|Any CPU.Build.0 = Debug|Any CPU
		{C9E2AA6C-AC9E-4764-82DE-A97D4C48EC2A}.Debug|x64.ActiveCfg = Debug|Any CPU
		{C9E2AA6C-AC9E-4764-82DE-A97D4C48EC2A}.Debug|x64.Build.0 = Debug|Any CPU
		{C9E2AA6C-AC9E-4764-82DE-A97D4C48EC2A}.Debug|x86.ActiveCfg = Debug|Any CPU
		{C9E2AA6C-AC9E-4764-82DE-A97D4C48EC2A}.Debug|x86.Build.0 = Debug|Any CPU
		{C9E2AA6C-AC9E-4764-82DE-A97D4C48EC2A}.Release|Any CPU.ActiveCfg = Release|Any CPU
		{C9E2AA6C-AC9E-4764-82DE-A97D4C48EC2A}.Release|Any CPU.Build.0 = Release|Any CPU
		{C9E2AA6C-AC9E-4764-82DE-A97D4C48EC2A}.Release|x64.ActiveCfg = Release|Any CPU
		{C9E2AA6C-AC9E-4764-82DE-A97D4C48EC2A}.Release|x64.Build.0 = Release|Any CPU
		{C9E2AA6C-AC9E-4764-82DE-A97D4C48EC2A}.Release|x86.ActiveCfg = Release|Any CPU
		{C9E2AA6C-AC9E-4764-82DE-A97D4C48EC2A}.Release|x86.Build.0 = Release|Any CPU
		{C6A602B1-23C6-42BB-96AF-B4E0A7ADDCC9}.Debug|Any CPU.ActiveCfg = Debug|Any CPU
		{C6A602B1-23C6-42BB-96AF-B4E0A7ADDCC9}.Debug|Any CPU.Build.0 = Debug|Any CPU
		{C6A602B1-23C6-42BB-96AF-B4E0A7ADDCC9}.Debug|x64.ActiveCfg = Debug|Any CPU
		{C6A602B1-23C6-42BB-96AF-B4E0A7ADDCC9}.Debug|x64.Build.0 = Debug|Any CPU
		{C6A602B1-23C6-42BB-96AF-B4E0A7ADDCC9}.Debug|x86.ActiveCfg = Debug|Any CPU
		{C6A602B1-23C6-42BB-96AF-B4E0A7ADDCC9}.Debug|x86.Build.0 = Debug|Any CPU
		{C6A602B1-23C6-42BB-96AF-B4E0A7ADDCC9}.Release|Any CPU.ActiveCfg = Release|Any CPU
		{C6A602B1-23C6-42BB-96AF-B4E0A7ADDCC9}.Release|Any CPU.Build.0 = Release|Any CPU
		{C6A602B1-23C6-42BB-96AF-B4E0A7ADDCC9}.Release|x64.ActiveCfg = Release|Any CPU
		{C6A602B1-23C6-42BB-96AF-B4E0A7ADDCC9}.Release|x64.Build.0 = Release|Any CPU
		{C6A602B1-23C6-42BB-96AF-B4E0A7ADDCC9}.Release|x86.ActiveCfg = Release|Any CPU
		{C6A602B1-23C6-42BB-96AF-B4E0A7ADDCC9}.Release|x86.Build.0 = Release|Any CPU
	EndGlobalSection
	GlobalSection(SolutionProperties) = preSolution
		HideSolutionNode = FALSE
	EndGlobalSection
EndGlobal
